// !$*UTF8*$!
{
	archiveVersion = 1;
	classes = {
	};
	objectVersion = 46;
	objects = {

/* Begin PBXBuildFile section */
		83612E6A1DC197D8007D0594 /* main.m in Sources */ = {isa = PBXBuildFile; fileRef = 83612E691DC197D8007D0594 /* main.m */; };
		83612E6D1DC197D8007D0594 /* AppDelegate.m in Sources */ = {isa = PBXBuildFile; fileRef = 83612E6C1DC197D8007D0594 /* AppDelegate.m */; };
		83612E701DC197D8007D0594 /* ViewController.m in Sources */ = {isa = PBXBuildFile; fileRef = 83612E6F1DC197D8007D0594 /* ViewController.m */; };
		83612E731DC197D8007D0594 /* Main.storyboard in Resources */ = {isa = PBXBuildFile; fileRef = 83612E711DC197D8007D0594 /* Main.storyboard */; };
		83612E751DC197D8007D0594 /* Assets.xcassets in Resources */ = {isa = PBXBuildFile; fileRef = 83612E741DC197D8007D0594 /* Assets.xcassets */; };
		83612E781DC197D8007D0594 /* LaunchScreen.storyboard in Resources */ = {isa = PBXBuildFile; fileRef = 83612E761DC197D8007D0594 /* LaunchScreen.storyboard */; };
		83612E831DC197D8007D0594 /* SlideViewControllerTests.m in Sources */ = {isa = PBXBuildFile; fileRef = 83612E821DC197D8007D0594 /* SlideViewControllerTests.m */; };
		83612E8E1DC197D8007D0594 /* SlideViewControllerUITests.m in Sources */ = {isa = PBXBuildFile; fileRef = 83612E8D1DC197D8007D0594 /* SlideViewControllerUITests.m */; };
		83612E9D1DC19863007D0594 /* InternalPageViewController.m in Sources */ = {isa = PBXBuildFile; fileRef = 83612E9C1DC19863007D0594 /* InternalPageViewController.m */; };
		83612EB91DC1A1A0007D0594 /* thumbnail0.JPG in Resources */ = {isa = PBXBuildFile; fileRef = 83612E9F1DC1A1A0007D0594 /* thumbnail0.JPG */; };
		83612EBA1DC1A1A0007D0594 /* thumbnail1.JPG in Resources */ = {isa = PBXBuildFile; fileRef = 83612EA01DC1A1A0007D0594 /* thumbnail1.JPG */; };
		83612EBB1DC1A1A0007D0594 /* thumbnail10.JPG in Resources */ = {isa = PBXBuildFile; fileRef = 83612EA11DC1A1A0007D0594 /* thumbnail10.JPG */; };
		83612EBC1DC1A1A0007D0594 /* thumbnail11.JPG in Resources */ = {isa = PBXBuildFile; fileRef = 83612EA21DC1A1A0007D0594 /* thumbnail11.JPG */; };
		83612EBD1DC1A1A0007D0594 /* thumbnail12.JPG in Resources */ = {isa = PBXBuildFile; fileRef = 83612EA31DC1A1A0007D0594 /* thumbnail12.JPG */; };
		83612EBE1DC1A1A0007D0594 /* thumbnail13.JPG in Resources */ = {isa = PBXBuildFile; fileRef = 83612EA41DC1A1A0007D0594 /* thumbnail13.JPG */; };
		83612EBF1DC1A1A0007D0594 /* thumbnail14.JPG in Resources */ = {isa = PBXBuildFile; fileRef = 83612EA51DC1A1A0007D0594 /* thumbnail14.JPG */; };
		83612EC01DC1A1A0007D0594 /* thumbnail15.JPG in Resources */ = {isa = PBXBuildFile; fileRef = 83612EA61DC1A1A0007D0594 /* thumbnail15.JPG */; };
		83612EC11DC1A1A0007D0594 /* thumbnail16.JPG in Resources */ = {isa = PBXBuildFile; fileRef = 83612EA71DC1A1A0007D0594 /* thumbnail16.JPG */; };
		83612EC21DC1A1A0007D0594 /* thumbnail17.JPG in Resources */ = {isa = PBXBuildFile; fileRef = 83612EA81DC1A1A0007D0594 /* thumbnail17.JPG */; };
		83612EC31DC1A1A0007D0594 /* thumbnail18.JPG in Resources */ = {isa = PBXBuildFile; fileRef = 83612EA91DC1A1A0007D0594 /* thumbnail18.JPG */; };
		83612EC41DC1A1A0007D0594 /* thumbnail19.JPG in Resources */ = {isa = PBXBuildFile; fileRef = 83612EAA1DC1A1A0007D0594 /* thumbnail19.JPG */; };
		83612EC51DC1A1A0007D0594 /* thumbnail2.JPG in Resources */ = {isa = PBXBuildFile; fileRef = 83612EAB1DC1A1A0007D0594 /* thumbnail2.JPG */; };
		83612EC61DC1A1A0007D0594 /* thumbnail20.JPG in Resources */ = {isa = PBXBuildFile; fileRef = 83612EAC1DC1A1A0007D0594 /* thumbnail20.JPG */; };
		83612EC71DC1A1A0007D0594 /* thumbnail21.JPG in Resources */ = {isa = PBXBuildFile; fileRef = 83612EAD1DC1A1A0007D0594 /* thumbnail21.JPG */; };
		83612EC81DC1A1A0007D0594 /* thumbnail22.JPG in Resources */ = {isa = PBXBuildFile; fileRef = 83612EAE1DC1A1A0007D0594 /* thumbnail22.JPG */; };
		83612EC91DC1A1A0007D0594 /* thumbnail23.JPG in Resources */ = {isa = PBXBuildFile; fileRef = 83612EAF1DC1A1A0007D0594 /* thumbnail23.JPG */; };
		83612ECA1DC1A1A0007D0594 /* thumbnail3.JPG in Resources */ = {isa = PBXBuildFile; fileRef = 83612EB01DC1A1A0007D0594 /* thumbnail3.JPG */; };
		83612ECB1DC1A1A0007D0594 /* thumbnail4.JPG in Resources */ = {isa = PBXBuildFile; fileRef = 83612EB11DC1A1A0007D0594 /* thumbnail4.JPG */; };
		83612ECC1DC1A1A0007D0594 /* thumbnail5.JPG in Resources */ = {isa = PBXBuildFile; fileRef = 83612EB21DC1A1A0007D0594 /* thumbnail5.JPG */; };
		83612ECD1DC1A1A0007D0594 /* thumbnail6.JPG in Resources */ = {isa = PBXBuildFile; fileRef = 83612EB31DC1A1A0007D0594 /* thumbnail6.JPG */; };
		83612ECE1DC1A1A0007D0594 /* thumbnail7.JPG in Resources */ = {isa = PBXBuildFile; fileRef = 83612EB41DC1A1A0007D0594 /* thumbnail7.JPG */; };
		83612ECF1DC1A1A0007D0594 /* thumbnail8.JPG in Resources */ = {isa = PBXBuildFile; fileRef = 83612EB51DC1A1A0007D0594 /* thumbnail8.JPG */; };
		83612ED01DC1A1A0007D0594 /* thumbnail9.JPG in Resources */ = {isa = PBXBuildFile; fileRef = 83612EB61DC1A1A0007D0594 /* thumbnail9.JPG */; };
		83612ED11DC1A1A0007D0594 /* Adaptation.m in Sources */ = {isa = PBXBuildFile; fileRef = 83612EB81DC1A1A0007D0594 /* Adaptation.m */; };
		83612ED41DC1A200007D0594 /* UILabel+extension.m in Sources */ = {isa = PBXBuildFile; fileRef = 83612ED31DC1A200007D0594 /* UILabel+extension.m */; };
		83612ED71DC1A255007D0594 /* UIViewExt.m in Sources */ = {isa = PBXBuildFile; fileRef = 83612ED61DC1A255007D0594 /* UIViewExt.m */; };
		83612EDA1DC1A3C0007D0594 /* NSObject+method.m in Sources */ = {isa = PBXBuildFile; fileRef = 83612ED91DC1A3C0007D0594 /* NSObject+method.m */; };
/* End PBXBuildFile section */

/* Begin PBXContainerItemProxy section */
		83612E7F1DC197D8007D0594 /* PBXContainerItemProxy */ = {
			isa = PBXContainerItemProxy;
			containerPortal = 83612E5D1DC197D8007D0594 /* Project object */;
			proxyType = 1;
			remoteGlobalIDString = 83612E641DC197D8007D0594;
			remoteInfo = SlideViewController;
		};
		83612E8A1DC197D8007D0594 /* PBXContainerItemProxy */ = {
			isa = PBXContainerItemProxy;
			containerPortal = 83612E5D1DC197D8007D0594 /* Project object */;
			proxyType = 1;
			remoteGlobalIDString = 83612E641DC197D8007D0594;
			remoteInfo = SlideViewController;
		};
/* End PBXContainerItemProxy section */

/* Begin PBXFileReference section */
		83612E651DC197D8007D0594 /* SlideViewController.app */ = {isa = PBXFileReference; explicitFileType = wrapper.application; includeInIndex = 0; path = SlideViewController.app; sourceTree = BUILT_PRODUCTS_DIR; };
		83612E691DC197D8007D0594 /* main.m */ = {isa = PBXFileReference; lastKnownFileType = sourcecode.c.objc; path = main.m; sourceTree = "<group>"; };
		83612E6B1DC197D8007D0594 /* AppDelegate.h */ = {isa = PBXFileReference; lastKnownFileType = sourcecode.c.h; path = AppDelegate.h; sourceTree = "<group>"; };
		83612E6C1DC197D8007D0594 /* AppDelegate.m */ = {isa = PBXFileReference; lastKnownFileType = sourcecode.c.objc; path = AppDelegate.m; sourceTree = "<group>"; };
		83612E6E1DC197D8007D0594 /* ViewController.h */ = {isa = PBXFileReference; lastKnownFileType = sourcecode.c.h; path = ViewController.h; sourceTree = "<group>"; };
		83612E6F1DC197D8007D0594 /* ViewController.m */ = {isa = PBXFileReference; lastKnownFileType = sourcecode.c.objc; path = ViewController.m; sourceTree = "<group>"; };
		83612E721DC197D8007D0594 /* Base */ = {isa = PBXFileReference; lastKnownFileType = file.storyboard; name = Base; path = Base.lproj/Main.storyboard; sourceTree = "<group>"; };
		83612E741DC197D8007D0594 /* Assets.xcassets */ = {isa = PBXFileReference; lastKnownFileType = folder.assetcatalog; path = Assets.xcassets; sourceTree = "<group>"; };
		83612E771DC197D8007D0594 /* Base */ = {isa = PBXFileReference; lastKnownFileType = file.storyboard; name = Base; path = Base.lproj/LaunchScreen.storyboard; sourceTree = "<group>"; };
		83612E791DC197D8007D0594 /* Info.plist */ = {isa = PBXFileReference; lastKnownFileType = text.plist.xml; path = Info.plist; sourceTree = "<group>"; };
		83612E7E1DC197D8007D0594 /* SlideViewControllerTests.xctest */ = {isa = PBXFileReference; explicitFileType = wrapper.cfbundle; includeInIndex = 0; path = SlideViewControllerTests.xctest; sourceTree = BUILT_PRODUCTS_DIR; };
		83612E821DC197D8007D0594 /* SlideViewControllerTests.m */ = {isa = PBXFileReference; lastKnownFileType = sourcecode.c.objc; path = SlideViewControllerTests.m; sourceTree = "<group>"; };
		83612E841DC197D8007D0594 /* Info.plist */ = {isa = PBXFileReference; lastKnownFileType = text.plist.xml; path = Info.plist; sourceTree = "<group>"; };
		83612E891DC197D8007D0594 /* SlideViewControllerUITests.xctest */ = {isa = PBXFileReference; explicitFileType = wrapper.cfbundle; includeInIndex = 0; path = SlideViewControllerUITests.xctest; sourceTree = BUILT_PRODUCTS_DIR; };
		83612E8D1DC197D8007D0594 /* SlideViewControllerUITests.m */ = {isa = PBXFileReference; lastKnownFileType = sourcecode.c.objc; path = SlideViewControllerUITests.m; sourceTree = "<group>"; };
		83612E8F1DC197D8007D0594 /* Info.plist */ = {isa = PBXFileReference; lastKnownFileType = text.plist.xml; path = Info.plist; sourceTree = "<group>"; };
		83612E9B1DC1985D007D0594 /* InternalPageViewController.h */ = {isa = PBXFileReference; fileEncoding = 4; lastKnownFileType = sourcecode.c.h; path = InternalPageViewController.h; sourceTree = "<group>"; };
		83612E9C1DC19863007D0594 /* InternalPageViewController.m */ = {isa = PBXFileReference; fileEncoding = 4; lastKnownFileType = sourcecode.c.objc; path = InternalPageViewController.m; sourceTree = "<group>"; };
		83612E9F1DC1A1A0007D0594 /* thumbnail0.JPG */ = {isa = PBXFileReference; lastKnownFileType = image.jpeg; path = thumbnail0.JPG; sourceTree = "<group>"; };
		83612EA01DC1A1A0007D0594 /* thumbnail1.JPG */ = {isa = PBXFileReference; lastKnownFileType = image.jpeg; path = thumbnail1.JPG; sourceTree = "<group>"; };
		83612EA11DC1A1A0007D0594 /* thumbnail10.JPG */ = {isa = PBXFileReference; lastKnownFileType = image.jpeg; path = thumbnail10.JPG; sourceTree = "<group>"; };
		83612EA21DC1A1A0007D0594 /* thumbnail11.JPG */ = {isa = PBXFileReference; lastKnownFileType = image.jpeg; path = thumbnail11.JPG; sourceTree = "<group>"; };
		83612EA31DC1A1A0007D0594 /* thumbnail12.JPG */ = {isa = PBXFileReference; lastKnownFileType = image.jpeg; path = thumbnail12.JPG; sourceTree = "<group>"; };
		83612EA41DC1A1A0007D0594 /* thumbnail13.JPG */ = {isa = PBXFileReference; lastKnownFileType = image.jpeg; path = thumbnail13.JPG; sourceTree = "<group>"; };
		83612EA51DC1A1A0007D0594 /* thumbnail14.JPG */ = {isa = PBXFileReference; lastKnownFileType = image.jpeg; path = thumbnail14.JPG; sourceTree = "<group>"; };
		83612EA61DC1A1A0007D0594 /* thumbnail15.JPG */ = {isa = PBXFileReference; lastKnownFileType = image.jpeg; path = thumbnail15.JPG; sourceTree = "<group>"; };
		83612EA71DC1A1A0007D0594 /* thumbnail16.JPG */ = {isa = PBXFileReference; lastKnownFileType = image.jpeg; path = thumbnail16.JPG; sourceTree = "<group>"; };
		83612EA81DC1A1A0007D0594 /* thumbnail17.JPG */ = {isa = PBXFileReference; lastKnownFileType = image.jpeg; path = thumbnail17.JPG; sourceTree = "<group>"; };
		83612EA91DC1A1A0007D0594 /* thumbnail18.JPG */ = {isa = PBXFileReference; lastKnownFileType = image.jpeg; path = thumbnail18.JPG; sourceTree = "<group>"; };
		83612EAA1DC1A1A0007D0594 /* thumbnail19.JPG */ = {isa = PBXFileReference; lastKnownFileType = image.jpeg; path = thumbnail19.JPG; sourceTree = "<group>"; };
		83612EAB1DC1A1A0007D0594 /* thumbnail2.JPG */ = {isa = PBXFileReference; lastKnownFileType = image.jpeg; path = thumbnail2.JPG; sourceTree = "<group>"; };
		83612EAC1DC1A1A0007D0594 /* thumbnail20.JPG */ = {isa = PBXFileReference; lastKnownFileType = image.jpeg; path = thumbnail20.JPG; sourceTree = "<group>"; };
		83612EAD1DC1A1A0007D0594 /* thumbnail21.JPG */ = {isa = PBXFileReference; lastKnownFileType = image.jpeg; path = thumbnail21.JPG; sourceTree = "<group>"; };
		83612EAE1DC1A1A0007D0594 /* thumbnail22.JPG */ = {isa = PBXFileReference; lastKnownFileType = image.jpeg; path = thumbnail22.JPG; sourceTree = "<group>"; };
		83612EAF1DC1A1A0007D0594 /* thumbnail23.JPG */ = {isa = PBXFileReference; lastKnownFileType = image.jpeg; path = thumbnail23.JPG; sourceTree = "<group>"; };
		83612EB01DC1A1A0007D0594 /* thumbnail3.JPG */ = {isa = PBXFileReference; lastKnownFileType = image.jpeg; path = thumbnail3.JPG; sourceTree = "<group>"; };
		83612EB11DC1A1A0007D0594 /* thumbnail4.JPG */ = {isa = PBXFileReference; lastKnownFileType = image.jpeg; path = thumbnail4.JPG; sourceTree = "<group>"; };
		83612EB21DC1A1A0007D0594 /* thumbnail5.JPG */ = {isa = PBXFileReference; lastKnownFileType = image.jpeg; path = thumbnail5.JPG; sourceTree = "<group>"; };
		83612EB31DC1A1A0007D0594 /* thumbnail6.JPG */ = {isa = PBXFileReference; lastKnownFileType = image.jpeg; path = thumbnail6.JPG; sourceTree = "<group>"; };
		83612EB41DC1A1A0007D0594 /* thumbnail7.JPG */ = {isa = PBXFileReference; lastKnownFileType = image.jpeg; path = thumbnail7.JPG; sourceTree = "<group>"; };
		83612EB51DC1A1A0007D0594 /* thumbnail8.JPG */ = {isa = PBXFileReference; lastKnownFileType = image.jpeg; path = thumbnail8.JPG; sourceTree = "<group>"; };
		83612EB61DC1A1A0007D0594 /* thumbnail9.JPG */ = {isa = PBXFileReference; lastKnownFileType = image.jpeg; path = thumbnail9.JPG; sourceTree = "<group>"; };
		83612EB71DC1A1A0007D0594 /* Adaptation.h */ = {isa = PBXFileReference; fileEncoding = 4; lastKnownFileType = sourcecode.c.h; path = Adaptation.h; sourceTree = "<group>"; };
		83612EB81DC1A1A0007D0594 /* Adaptation.m */ = {isa = PBXFileReference; fileEncoding = 4; lastKnownFileType = sourcecode.c.objc; path = Adaptation.m; sourceTree = "<group>"; };
		83612ED21DC1A200007D0594 /* UILabel+extension.h */ = {isa = PBXFileReference; fileEncoding = 4; lastKnownFileType = sourcecode.c.h; path = "UILabel+extension.h"; sourceTree = "<group>"; };
		83612ED31DC1A200007D0594 /* UILabel+extension.m */ = {isa = PBXFileReference; fileEncoding = 4; lastKnownFileType = sourcecode.c.objc; path = "UILabel+extension.m"; sourceTree = "<group>"; };
		83612ED51DC1A255007D0594 /* UIViewExt.h */ = {isa = PBXFileReference; fileEncoding = 4; lastKnownFileType = sourcecode.c.h; path = UIViewExt.h; sourceTree = "<group>"; };
		83612ED61DC1A255007D0594 /* UIViewExt.m */ = {isa = PBXFileReference; fileEncoding = 4; lastKnownFileType = sourcecode.c.objc; path = UIViewExt.m; sourceTree = "<group>"; };
		83612ED81DC1A3C0007D0594 /* NSObject+method.h */ = {isa = PBXFileReference; fileEncoding = 4; lastKnownFileType = sourcecode.c.h; path = "NSObject+method.h"; sourceTree = "<group>"; };
		83612ED91DC1A3C0007D0594 /* NSObject+method.m */ = {isa = PBXFileReference; fileEncoding = 4; lastKnownFileType = sourcecode.c.objc; path = "NSObject+method.m"; sourceTree = "<group>"; };
/* End PBXFileReference section */

/* Begin PBXFrameworksBuildPhase section */
		83612E621DC197D8007D0594 /* Frameworks */ = {
			isa = PBXFrameworksBuildPhase;
			buildActionMask = 2147483647;
			files = (
			);
			runOnlyForDeploymentPostprocessing = 0;
		};
		83612E7B1DC197D8007D0594 /* Frameworks */ = {
			isa = PBXFrameworksBuildPhase;
			buildActionMask = 2147483647;
			files = (
			);
			runOnlyForDeploymentPostprocessing = 0;
		};
		83612E861DC197D8007D0594 /* Frameworks */ = {
			isa = PBXFrameworksBuildPhase;
			buildActionMask = 2147483647;
			files = (
			);
			runOnlyForDeploymentPostprocessing = 0;
		};
/* End PBXFrameworksBuildPhase section */

/* Begin PBXGroup section */
		83612E5C1DC197D8007D0594 = {
			isa = PBXGroup;
			children = (
				83612E671DC197D8007D0594 /* SlideViewController */,
				83612E811DC197D8007D0594 /* SlideViewControllerTests */,
				83612E8C1DC197D8007D0594 /* SlideViewControllerUITests */,
				83612E661DC197D8007D0594 /* Products */,
			);
			sourceTree = "<group>";
		};
		83612E661DC197D8007D0594 /* Products */ = {
			isa = PBXGroup;
			children = (
				83612E651DC197D8007D0594 /* SlideViewController.app */,
				83612E7E1DC197D8007D0594 /* SlideViewControllerTests.xctest */,
				83612E891DC197D8007D0594 /* SlideViewControllerUITests.xctest */,
			);
			name = Products;
			sourceTree = "<group>";
		};
		83612E671DC197D8007D0594 /* SlideViewController */ = {
			isa = PBXGroup;
			children = (
				83612E9E1DC1A1A0007D0594 /* 图片 */,
				83612EB71DC1A1A0007D0594 /* Adaptation.h */,
				83612EB81DC1A1A0007D0594 /* Adaptation.m */,
				83612E6B1DC197D8007D0594 /* AppDelegate.h */,
				83612E6C1DC197D8007D0594 /* AppDelegate.m */,
				83612E9B1DC1985D007D0594 /* InternalPageViewController.h */,
				83612E9C1DC19863007D0594 /* InternalPageViewController.m */,
				83612ED81DC1A3C0007D0594 /* NSObject+method.h */,
				83612ED91DC1A3C0007D0594 /* NSObject+method.m */,
				83612ED51DC1A255007D0594 /* UIViewExt.h */,
				83612ED61DC1A255007D0594 /* UIViewExt.m */,
				83612ED21DC1A200007D0594 /* UILabel+extension.h */,
				83612ED31DC1A200007D0594 /* UILabel+extension.m */,
				83612E6E1DC197D8007D0594 /* ViewController.h */,
				83612E6F1DC197D8007D0594 /* ViewController.m */,
				83612E711DC197D8007D0594 /* Main.storyboard */,
				83612E741DC197D8007D0594 /* Assets.xcassets */,
				83612E761DC197D8007D0594 /* LaunchScreen.storyboard */,
				83612E791DC197D8007D0594 /* Info.plist */,
				83612E681DC197D8007D0594 /* Supporting Files */,
			);
			path = SlideViewController;
			sourceTree = "<group>";
		};
		83612E681DC197D8007D0594 /* Supporting Files */ = {
			isa = PBXGroup;
			children = (
				83612E691DC197D8007D0594 /* main.m */,
			);
			name = "Supporting Files";
			sourceTree = "<group>";
		};
		83612E811DC197D8007D0594 /* SlideViewControllerTests */ = {
			isa = PBXGroup;
			children = (
				83612E821DC197D8007D0594 /* SlideViewControllerTests.m */,
				83612E841DC197D8007D0594 /* Info.plist */,
			);
			path = SlideViewControllerTests;
			sourceTree = "<group>";
		};
		83612E8C1DC197D8007D0594 /* SlideViewControllerUITests */ = {
			isa = PBXGroup;
			children = (
				83612E8D1DC197D8007D0594 /* SlideViewControllerUITests.m */,
				83612E8F1DC197D8007D0594 /* Info.plist */,
			);
			path = SlideViewControllerUITests;
			sourceTree = "<group>";
		};
		83612E9E1DC1A1A0007D0594 /* 图片 */ = {
			isa = PBXGroup;
			children = (
				83612E9F1DC1A1A0007D0594 /* thumbnail0.JPG */,
				83612EA01DC1A1A0007D0594 /* thumbnail1.JPG */,
				83612EA11DC1A1A0007D0594 /* thumbnail10.JPG */,
				83612EA21DC1A1A0007D0594 /* thumbnail11.JPG */,
				83612EA31DC1A1A0007D0594 /* thumbnail12.JPG */,
				83612EA41DC1A1A0007D0594 /* thumbnail13.JPG */,
				83612EA51DC1A1A0007D0594 /* thumbnail14.JPG */,
				83612EA61DC1A1A0007D0594 /* thumbnail15.JPG */,
				83612EA71DC1A1A0007D0594 /* thumbnail16.JPG */,
				83612EA81DC1A1A0007D0594 /* thumbnail17.JPG */,
				83612EA91DC1A1A0007D0594 /* thumbnail18.JPG */,
				83612EAA1DC1A1A0007D0594 /* thumbnail19.JPG */,
				83612EAB1DC1A1A0007D0594 /* thumbnail2.JPG */,
				83612EAC1DC1A1A0007D0594 /* thumbnail20.JPG */,
				83612EAD1DC1A1A0007D0594 /* thumbnail21.JPG */,
				83612EAE1DC1A1A0007D0594 /* thumbnail22.JPG */,
				83612EAF1DC1A1A0007D0594 /* thumbnail23.JPG */,
				83612EB01DC1A1A0007D0594 /* thumbnail3.JPG */,
				83612EB11DC1A1A0007D0594 /* thumbnail4.JPG */,
				83612EB21DC1A1A0007D0594 /* thumbnail5.JPG */,
				83612EB31DC1A1A0007D0594 /* thumbnail6.JPG */,
				83612EB41DC1A1A0007D0594 /* thumbnail7.JPG */,
				83612EB51DC1A1A0007D0594 /* thumbnail8.JPG */,
				83612EB61DC1A1A0007D0594 /* thumbnail9.JPG */,
			);
			path = "图片";
			sourceTree = "<group>";
		};
/* End PBXGroup section */

/* Begin PBXNativeTarget section */
		83612E641DC197D8007D0594 /* SlideViewController */ = {
			isa = PBXNativeTarget;
			buildConfigurationList = 83612E921DC197D8007D0594 /* Build configuration list for PBXNativeTarget "SlideViewController" */;
			buildPhases = (
				83612E611DC197D8007D0594 /* Sources */,
				83612E621DC197D8007D0594 /* Frameworks */,
				83612E631DC197D8007D0594 /* Resources */,
			);
			buildRules = (
			);
			dependencies = (
			);
			name = SlideViewController;
			productName = SlideViewController;
			productReference = 83612E651DC197D8007D0594 /* SlideViewController.app */;
			productType = "com.apple.product-type.application";
		};
		83612E7D1DC197D8007D0594 /* SlideViewControllerTests */ = {
			isa = PBXNativeTarget;
			buildConfigurationList = 83612E951DC197D8007D0594 /* Build configuration list for PBXNativeTarget "SlideViewControllerTests" */;
			buildPhases = (
				83612E7A1DC197D8007D0594 /* Sources */,
				83612E7B1DC197D8007D0594 /* Frameworks */,
				83612E7C1DC197D8007D0594 /* Resources */,
			);
			buildRules = (
			);
			dependencies = (
				83612E801DC197D8007D0594 /* PBXTargetDependency */,
			);
			name = SlideViewControllerTests;
			productName = SlideViewControllerTests;
			productReference = 83612E7E1DC197D8007D0594 /* SlideViewControllerTests.xctest */;
			productType = "com.apple.product-type.bundle.unit-test";
		};
		83612E881DC197D8007D0594 /* SlideViewControllerUITests */ = {
			isa = PBXNativeTarget;
			buildConfigurationList = 83612E981DC197D8007D0594 /* Build configuration list for PBXNativeTarget "SlideViewControllerUITests" */;
			buildPhases = (
				83612E851DC197D8007D0594 /* Sources */,
				83612E861DC197D8007D0594 /* Frameworks */,
				83612E871DC197D8007D0594 /* Resources */,
			);
			buildRules = (
			);
			dependencies = (
				83612E8B1DC197D8007D0594 /* PBXTargetDependency */,
			);
			name = SlideViewControllerUITests;
			productName = SlideViewControllerUITests;
			productReference = 83612E891DC197D8007D0594 /* SlideViewControllerUITests.xctest */;
			productType = "com.apple.product-type.bundle.ui-testing";
		};
/* End PBXNativeTarget section */

/* Begin PBXProject section */
		83612E5D1DC197D8007D0594 /* Project object */ = {
			isa = PBXProject;
			attributes = {
				LastUpgradeCheck = 0800;
				ORGANIZATIONNAME = com.3wchina;
				TargetAttributes = {
					83612E641DC197D8007D0594 = {
						CreatedOnToolsVersion = 8.0;
						ProvisioningStyle = Automatic;
					};
					83612E7D1DC197D8007D0594 = {
						CreatedOnToolsVersion = 8.0;
						ProvisioningStyle = Automatic;
						TestTargetID = 83612E641DC197D8007D0594;
					};
					83612E881DC197D8007D0594 = {
						CreatedOnToolsVersion = 8.0;
						ProvisioningStyle = Automatic;
						TestTargetID = 83612E641DC197D8007D0594;
					};
				};
			};
			buildConfigurationList = 83612E601DC197D8007D0594 /* Build configuration list for PBXProject "SlideViewController" */;
			compatibilityVersion = "Xcode 3.2";
			developmentRegion = English;
			hasScannedForEncodings = 0;
			knownRegions = (
				en,
				Base,
			);
			mainGroup = 83612E5C1DC197D8007D0594;
			productRefGroup = 83612E661DC197D8007D0594 /* Products */;
			projectDirPath = "";
			projectRoot = "";
			targets = (
				83612E641DC197D8007D0594 /* SlideViewController */,
				83612E7D1DC197D8007D0594 /* SlideViewControllerTests */,
				83612E881DC197D8007D0594 /* SlideViewControllerUITests */,
			);
		};
/* End PBXProject section */

/* Begin PBXResourcesBuildPhase section */
		83612E631DC197D8007D0594 /* Resources */ = {
			isa = PBXResourcesBuildPhase;
			buildActionMask = 2147483647;
			files = (
				83612EBC1DC1A1A0007D0594 /* thumbnail11.JPG in Resources */,
				83612EBF1DC1A1A0007D0594 /* thumbnail14.JPG in Resources */,
				83612EBA1DC1A1A0007D0594 /* thumbnail1.JPG in Resources */,
				83612EC51DC1A1A0007D0594 /* thumbnail2.JPG in Resources */,
				83612ECC1DC1A1A0007D0594 /* thumbnail5.JPG in Resources */,
				83612EC21DC1A1A0007D0594 /* thumbnail17.JPG in Resources */,
				83612ECB1DC1A1A0007D0594 /* thumbnail4.JPG in Resources */,
				83612EC81DC1A1A0007D0594 /* thumbnail22.JPG in Resources */,
				83612E781DC197D8007D0594 /* LaunchScreen.storyboard in Resources */,
				83612EB91DC1A1A0007D0594 /* thumbnail0.JPG in Resources */,
				83612ECE1DC1A1A0007D0594 /* thumbnail7.JPG in Resources */,
				83612ECA1DC1A1A0007D0594 /* thumbnail3.JPG in Resources */,
				83612EC41DC1A1A0007D0594 /* thumbnail19.JPG in Resources */,
				83612ECF1DC1A1A0007D0594 /* thumbnail8.JPG in Resources */,
				83612EBB1DC1A1A0007D0594 /* thumbnail10.JPG in Resources */,
				83612EC31DC1A1A0007D0594 /* thumbnail18.JPG in Resources */,
				83612EBD1DC1A1A0007D0594 /* thumbnail12.JPG in Resources */,
				83612EC01DC1A1A0007D0594 /* thumbnail15.JPG in Resources */,
				83612EBE1DC1A1A0007D0594 /* thumbnail13.JPG in Resources */,
				83612EC11DC1A1A0007D0594 /* thumbnail16.JPG in Resources */,
				83612EC91DC1A1A0007D0594 /* thumbnail23.JPG in Resources */,
				83612EC61DC1A1A0007D0594 /* thumbnail20.JPG in Resources */,
				83612EC71DC1A1A0007D0594 /* thumbnail21.JPG in Resources */,
				83612E751DC197D8007D0594 /* Assets.xcassets in Resources */,
				83612E731DC197D8007D0594 /* Main.storyboard in Resources */,
				83612ECD1DC1A1A0007D0594 /* thumbnail6.JPG in Resources */,
				83612ED01DC1A1A0007D0594 /* thumbnail9.JPG in Resources */,
			);
			runOnlyForDeploymentPostprocessing = 0;
		};
		83612E7C1DC197D8007D0594 /* Resources */ = {
			isa = PBXResourcesBuildPhase;
			buildActionMask = 2147483647;
			files = (
			);
			runOnlyForDeploymentPostprocessing = 0;
		};
		83612E871DC197D8007D0594 /* Resources */ = {
			isa = PBXResourcesBuildPhase;
			buildActionMask = 2147483647;
			files = (
			);
			runOnlyForDeploymentPostprocessing = 0;
		};
/* End PBXResourcesBuildPhase section */

/* Begin PBXSourcesBuildPhase section */
		83612E611DC197D8007D0594 /* Sources */ = {
			isa = PBXSourcesBuildPhase;
			buildActionMask = 2147483647;
			files = (
				83612EDA1DC1A3C0007D0594 /* NSObject+method.m in Sources */,
				83612ED71DC1A255007D0594 /* UIViewExt.m in Sources */,
				83612ED41DC1A200007D0594 /* UILabel+extension.m in Sources */,
				83612E9D1DC19863007D0594 /* InternalPageViewController.m in Sources */,
				83612E701DC197D8007D0594 /* ViewController.m in Sources */,
				83612ED11DC1A1A0007D0594 /* Adaptation.m in Sources */,
				83612E6D1DC197D8007D0594 /* AppDelegate.m in Sources */,
				83612E6A1DC197D8007D0594 /* main.m in Sources */,
			);
			runOnlyForDeploymentPostprocessing = 0;
		};
		83612E7A1DC197D8007D0594 /* Sources */ = {
			isa = PBXSourcesBuildPhase;
			buildActionMask = 2147483647;
			files = (
				83612E831DC197D8007D0594 /* SlideViewControllerTests.m in Sources */,
			);
			runOnlyForDeploymentPostprocessing = 0;
		};
		83612E851DC197D8007D0594 /* Sources */ = {
			isa = PBXSourcesBuildPhase;
			buildActionMask = 2147483647;
			files = (
				83612E8E1DC197D8007D0594 /* SlideViewControllerUITests.m in Sources */,
			);
			runOnlyForDeploymentPostprocessing = 0;
		};
/* End PBXSourcesBuildPhase section */

/* Begin PBXTargetDependency section */
		83612E801DC197D8007D0594 /* PBXTargetDependency */ = {
			isa = PBXTargetDependency;
			target = 83612E641DC197D8007D0594 /* SlideViewController */;
			targetProxy = 83612E7F1DC197D8007D0594 /* PBXContainerItemProxy */;
		};
		83612E8B1DC197D8007D0594 /* PBXTargetDependency */ = {
			isa = PBXTargetDependency;
			target = 83612E641DC197D8007D0594 /* SlideViewController */;
			targetProxy = 83612E8A1DC197D8007D0594 /* PBXContainerItemProxy */;
		};
/* End PBXTargetDependency section */

/* Begin PBXVariantGroup section */
		83612E711DC197D8007D0594 /* Main.storyboard */ = {
			isa = PBXVariantGroup;
			children = (
				83612E721DC197D8007D0594 /* Base */,
			);
			name = Main.storyboard;
			sourceTree = "<group>";
		};
		83612E761DC197D8007D0594 /* LaunchScreen.storyboard */ = {
			isa = PBXVariantGroup;
			children = (
				83612E771DC197D8007D0594 /* Base */,
			);
			name = LaunchScreen.storyboard;
			sourceTree = "<group>";
		};
/* End PBXVariantGroup section */

/* Begin XCBuildConfiguration section */
		83612E901DC197D8007D0594 /* Debug */ = {
			isa = XCBuildConfiguration;
			buildSettings = {
				ALWAYS_SEARCH_USER_PATHS = NO;
				CLANG_ANALYZER_NONNULL = YES;
				CLANG_CXX_LANGUAGE_STANDARD = "gnu++0x";
				CLANG_CXX_LIBRARY = "libc++";
				CLANG_ENABLE_MODULES = YES;
				CLANG_ENABLE_OBJC_ARC = YES;
				CLANG_WARN_BOOL_CONVERSION = YES;
				CLANG_WARN_CONSTANT_CONVERSION = YES;
				CLANG_WARN_DIRECT_OBJC_ISA_USAGE = YES_ERROR;
				CLANG_WARN_DOCUMENTATION_COMMENTS = YES;
				CLANG_WARN_EMPTY_BODY = YES;
				CLANG_WARN_ENUM_CONVERSION = YES;
				CLANG_WARN_INFINITE_RECURSION = YES;
				CLANG_WARN_INT_CONVERSION = YES;
				CLANG_WARN_OBJC_ROOT_CLASS = YES_ERROR;
				CLANG_WARN_SUSPICIOUS_MOVES = YES;
				CLANG_WARN_UNREACHABLE_CODE = YES;
				CLANG_WARN__DUPLICATE_METHOD_MATCH = YES;
				"CODE_SIGN_IDENTITY[sdk=iphoneos*]" = "iPhone Developer";
				COPY_PHASE_STRIP = NO;
				DEBUG_INFORMATION_FORMAT = dwarf;
				ENABLE_STRICT_OBJC_MSGSEND = YES;
				ENABLE_TESTABILITY = YES;
				GCC_C_LANGUAGE_STANDARD = gnu99;
				GCC_DYNAMIC_NO_PIC = NO;
				GCC_NO_COMMON_BLOCKS = YES;
				GCC_OPTIMIZATION_LEVEL = 0;
				GCC_PREPROCESSOR_DEFINITIONS = (
					"DEBUG=1",
					"$(inherited)",
				);
				GCC_WARN_64_TO_32_BIT_CONVERSION = YES;
				GCC_WARN_ABOUT_RETURN_TYPE = YES_ERROR;
				GCC_WARN_UNDECLARED_SELECTOR = YES;
				GCC_WARN_UNINITIALIZED_AUTOS = YES_AGGRESSIVE;
				GCC_WARN_UNUSED_FUNCTION = YES;
				GCC_WARN_UNUSED_VARIABLE = YES;
				IPHONEOS_DEPLOYMENT_TARGET = 10.0;
				MTL_ENABLE_DEBUG_INFO = YES;
				ONLY_ACTIVE_ARCH = YES;
				SDKROOT = iphoneos;
			};
			name = Debug;
		};
		83612E911DC197D8007D0594 /* Release */ = {
			isa = XCBuildConfiguration;
			buildSettings = {
				ALWAYS_SEARCH_USER_PATHS = NO;
				CLANG_ANALYZER_NONNULL = YES;
				CLANG_CXX_LANGUAGE_STANDARD = "gnu++0x";
				CLANG_CXX_LIBRARY = "libc++";
				CLANG_ENABLE_MODULES = YES;
				CLANG_ENABLE_OBJC_ARC = YES;
				CLANG_WARN_BOOL_CONVERSION = YES;
				CLANG_WARN_CONSTANT_CONVERSION = YES;
				CLANG_WARN_DIRECT_OBJC_ISA_USAGE = YES_ERROR;
				CLANG_WARN_DOCUMENTATION_COMMENTS = YES;
				CLANG_WARN_EMPTY_BODY = YES;
				CLANG_WARN_ENUM_CONVERSION = YES;
				CLANG_WARN_INFINITE_RECURSION = YES;
				CLANG_WARN_INT_CONVERSION = YES;
				CLANG_WARN_OBJC_ROOT_CLASS = YES_ERROR;
				CLANG_WARN_SUSPICIOUS_MOVES = YES;
				CLANG_WARN_UNREACHABLE_CODE = YES;
				CLANG_WARN__DUPLICATE_METHOD_MATCH = YES;
				"CODE_SIGN_IDENTITY[sdk=iphoneos*]" = "iPhone Developer";
				COPY_PHASE_STRIP = NO;
				DEBUG_INFORMATION_FORMAT = "dwarf-with-dsym";
				ENABLE_NS_ASSERTIONS = NO;
				ENABLE_STRICT_OBJC_MSGSEND = YES;
				GCC_C_LANGUAGE_STANDARD = gnu99;
				GCC_NO_COMMON_BLOCKS = YES;
				GCC_WARN_64_TO_32_BIT_CONVERSION = YES;
				GCC_WARN_ABOUT_RETURN_TYPE = YES_ERROR;
				GCC_WARN_UNDECLARED_SELECTOR = YES;
				GCC_WARN_UNINITIALIZED_AUTOS = YES_AGGRESSIVE;
				GCC_WARN_UNUSED_FUNCTION = YES;
				GCC_WARN_UNUSED_VARIABLE = YES;
				IPHONEOS_DEPLOYMENT_TARGET = 10.0;
				MTL_ENABLE_DEBUG_INFO = NO;
				SDKROOT = iphoneos;
				VALIDATE_PRODUCT = YES;
			};
			name = Release;
		};
		83612E931DC197D8007D0594 /* Debug */ = {
			isa = XCBuildConfiguration;
			buildSettings = {
				ASSETCATALOG_COMPILER_APPICON_NAME = AppIcon;
				INFOPLIST_FILE = SlideViewController/Info.plist;
				LD_RUNPATH_SEARCH_PATHS = "$(inherited) @executable_path/Frameworks";
				PRODUCT_BUNDLE_IDENTIFIER = com.3wchina.SlideViewController;
				PRODUCT_NAME = "$(TARGET_NAME)";
			};
			name = Debug;
		};
		83612E941DC197D8007D0594 /* Release */ = {
			isa = XCBuildConfiguration;
			buildSettings = {
				ASSETCATALOG_COMPILER_APPICON_NAME = AppIcon;
				INFOPLIST_FILE = SlideViewController/Info.plist;
				LD_RUNPATH_SEARCH_PATHS = "$(inherited) @executable_path/Frameworks";
				PRODUCT_BUNDLE_IDENTIFIER = com.3wchina.SlideViewController;
				PRODUCT_NAME = "$(TARGET_NAME)";
			};
			name = Release;
		};
		83612E961DC197D8007D0594 /* Debug */ = {
			isa = XCBuildConfiguration;
			buildSettings = {
				BUNDLE_LOADER = "$(TEST_HOST)";
				INFOPLIST_FILE = SlideViewControllerTests/Info.plist;
				LD_RUNPATH_SEARCH_PATHS = "$(inherited) @executable_path/Frameworks @loader_path/Frameworks";
				PRODUCT_BUNDLE_IDENTIFIER = com.3wchina.SlideViewControllerTests;
				PRODUCT_NAME = "$(TARGET_NAME)";
				TEST_HOST = "$(BUILT_PRODUCTS_DIR)/SlideViewController.app/SlideViewController";
			};
			name = Debug;
		};
		83612E971DC197D8007D0594 /* Release */ = {
			isa = XCBuildConfiguration;
			buildSettings = {
				BUNDLE_LOADER = "$(TEST_HOST)";
				INFOPLIST_FILE = SlideViewControllerTests/Info.plist;
				LD_RUNPATH_SEARCH_PATHS = "$(inherited) @executable_path/Frameworks @loader_path/Frameworks";
				PRODUCT_BUNDLE_IDENTIFIER = com.3wchina.SlideViewControllerTests;
				PRODUCT_NAME = "$(TARGET_NAME)";
				TEST_HOST = "$(BUILT_PRODUCTS_DIR)/SlideViewController.app/SlideViewController";
			};
			name = Release;
		};
		83612E991DC197D8007D0594 /* Debug */ = {
			isa = XCBuildConfiguration;
			buildSettings = {
				INFOPLIST_FILE = SlideViewControllerUITests/Info.plist;
				LD_RUNPATH_SEARCH_PATHS = "$(inherited) @executable_path/Frameworks @loader_path/Frameworks";
				PRODUCT_BUNDLE_IDENTIFIER = com.3wchina.SlideViewControllerUITests;
				PRODUCT_NAME = "$(TARGET_NAME)";
				TEST_TARGET_NAME = SlideViewController;
			};
			name = Debug;
		};
		83612E9A1DC197D8007D0594 /* Release */ = {
			isa = XCBuildConfiguration;
			buildSettings = {
				INFOPLIST_FILE = SlideViewControllerUITests/Info.plist;
				LD_RUNPATH_SEARCH_PATHS = "$(inherited) @executable_path/Frameworks @loader_path/Frameworks";
				PRODUCT_BUNDLE_IDENTIFIER = com.3wchina.SlideViewControllerUITests;
				PRODUCT_NAME = "$(TARGET_NAME)";
				TEST_TARGET_NAME = SlideViewController;
			};
			name = Release;
		};
/* End XCBuildConfiguration section */

/* Begin XCConfigurationList section */
		83612E601DC197D8007D0594 /* Build configuration list for PBXProject "SlideViewController" */ = {
			isa = XCConfigurationList;
			buildConfigurations = (
				83612E901DC197D8007D0594 /* Debug */,
				83612E911DC197D8007D0594 /* Release */,
			);
			defaultConfigurationIsVisible = 0;
			defaultConfigurationName = Release;
		};
		83612E921DC197D8007D0594 /* Build configuration list for PBXNativeTarget "SlideViewController" */ = {
			isa = XCConfigurationList;
			buildConfigurations = (
				83612E931DC197D8007D0594 /* Debug */,
				83612E941DC197D8007D0594 /* Release */,
			);
			defaultConfigurationIsVisible = 0;
		};
		83612E951DC197D8007D0594 /* Build configuration list for PBXNativeTarget "SlideViewControllerTests" */ = {
			isa = XCConfigurationList;
			buildConfigurations = (
				83612E961DC197D8007D0594 /* Debug */,
				83612E971DC197D8007D0594 /* Release */,
			);
			defaultConfigurationIsVisible = 0;
		};
		83612E981DC197D8007D0594 /* Build configuration list for PBXNativeTarget "SlideViewControllerUITests" */ = {
			isa = XCConfigurationList;
			buildConfigurations = (
				83612E991DC197D8007D0594 /* Debug */,
				83612E9A1DC197D8007D0594 /* Release */,
			);
			defaultConfigurationIsVisible = 0;
		};
/* End XCConfigurationList section */
	};
	rootObject = 83612E5D1DC197D8007D0594 /* Project object */;
}
